
Microsoft Visual Studio Solution File, Format Version 12.00
# Visual Studio Version 16
VisualStudioVersion = 16.0.30611.23
MinimumVisualStudioVersion = 10.0.40219.1
Project("{FAE04EC0-301F-11D3-BF4B-00C04F79EFBC}") = "QLVT", "QLVT\QLVT.csproj", "{14B4FF9E-3B80-45B9-B2F0-5CC942DB755E}"
EndProject
Global
	GlobalSection(SolutionConfigurationPlatforms) = preSolution
		Debug|Any CPU = Debug|Any CPU
		Release|Any CPU = Release|Any CPU
	EndGlobalSection
	GlobalSection(ProjectConfigurationPlatforms) = postSolution
		{14B4FF9E-3B80-45B9-B2F0-5CC942DB755E}.Debug|Any CPU.ActiveCfg = Debug|Any CPU
		{14B4FF9E-3B80-45B9-B2F0-5CC942DB755E}.Debug|Any CPU.Build.0 = Debug|Any CPU
		{14B4FF9E-3B80-45B9-B2F0-5CC942DB755E}.Release|Any CPU.ActiveCfg = Release|Any CPU
		{14B4FF9E-3B80-45B9-B2F0-5CC942DB755E}.Release|Any CPU.Build.0 = Release|Any CPU
	EndGlobalSection
	GlobalSection(SolutionProperties) = preSolution
		HideSolutionNode = FALSE
	EndGlobalSection
	GlobalSection(ExtensibilityGlobals) = postSolution
		SolutionGuid = {008EFF69-63D1-4B32-ABF5-5875847B1DDB}
	EndGlobalSection
EndGlobal
